
Microsoft Visual Studio Solution File, Format Version 12.00
# Visual Studio Version 16
VisualStudioVersion = 16.0.32901.82
MinimumVisualStudioVersion = 10.0.40219.1
Project("{FAE04EC0-301F-11D3-BF4B-00C04F79EFBC}") = "Canvas Assignment Processor", "Canvas Assignment Processor\Canvas Assignment Processor.csproj", "{CC2E9F2E-80BE-49C2-8032-C0E509F7C4B6}"
EndProject
Global
	GlobalSection(SolutionConfigurationPlatforms) = preSolution
		Debug|Any CPU = Debug|Any CPU
		Release|Any CPU = Release|Any CPU
	EndGlobalSection
	GlobalSection(ProjectConfigurationPlatforms) = postSolution
		{CC2E9F2E-80BE-49C2-8032-C0E509F7C4B6}.Debug|Any CPU.ActiveCfg = Debug|Any CPU
		{CC2E9F2E-80BE-49C2-8032-C0E509F7C4B6}.Debug|Any CPU.Build.0 = Debug|Any CPU
		{CC2E9F2E-80BE-49C2-8032-C0E509F7C4B6}.Release|Any CPU.ActiveCfg = Release|Any CPU
		{CC2E9F2E-80BE-49C2-8032-C0E509F7C4B6}.Release|Any CPU.Build.0 = Release|Any CPU
	EndGlobalSection
	GlobalSection(SolutionProperties) = preSolution
		HideSolutionNode = FALSE
	EndGlobalSection
	GlobalSection(ExtensibilityGlobals) = postSolution
		SolutionGuid = {2BEAE598-BD60-41E7-81E3-5C7D2E3DE258}
	EndGlobalSection
EndGlobal
